
Microsoft Visual Studio Solution File, Format Version 12.00
# Visual Studio Version 17
VisualStudioVersion = 17.0.32112.339
MinimumVisualStudioVersion = 10.0.40219.1
Project("{FAE04EC0-301F-11D3-BF4B-00C04F79EFBC}") = "BitMover.Challenge.Console", "BitMover.Challenge.Console\BitMover.Challenge.Console.csproj", "{4DFE6AB7-3702-457F-9B35-65DF44DCED30}"
EndProject
Project("{FAE04EC0-301F-11D3-BF4B-00C04F79EFBC}") = "BitMover.Challenge.Contracts", "BitMover.Challenge.Contracts\BitMover.Challenge.Contracts.csproj", "{7F4BD66B-3BA3-40A1-9EC4-26701270DA72}"
EndProject
Project("{FAE04EC0-301F-11D3-BF4B-00C04F79EFBC}") = "BitMover.Challenge.Mocks", "BitMover.Challenge.Mocks\BitMover.Challenge.Mocks.csproj", "{78E80FDC-DDD6-4F80-9420-ADCAD2BCE320}"
EndProject
Project("{FAE04EC0-301F-11D3-BF4B-00C04F79EFBC}") = "BitMover.Challenge.Service", "BitMover.Challenge.Service\BitMover.Challenge.Service.csproj", "{C1EA3716-AB1C-4FE5-8DD5-C6E81FA3F179}"
EndProject
Global
	GlobalSection(SolutionConfigurationPlatforms) = preSolution
		Debug|Any CPU = Debug|Any CPU
		Release|Any CPU = Release|Any CPU
	EndGlobalSection
	GlobalSection(ProjectConfigurationPlatforms) = postSolution
		{4DFE6AB7-3702-457F-9B35-65DF44DCED30}.Debug|Any CPU.ActiveCfg = Debug|Any CPU
		{4DFE6AB7-3702-457F-9B35-65DF44DCED30}.Debug|Any CPU.Build.0 = Debug|Any CPU
		{4DFE6AB7-3702-457F-9B35-65DF44DCED30}.Release|Any CPU.ActiveCfg = Release|Any CPU
		{4DFE6AB7-3702-457F-9B35-65DF44DCED30}.Release|Any CPU.Build.0 = Release|Any CPU
		{7F4BD66B-3BA3-40A1-9EC4-26701270DA72}.Debug|Any CPU.ActiveCfg = Debug|Any CPU
		{7F4BD66B-3BA3-40A1-9EC4-26701270DA72}.Debug|Any CPU.Build.0 = Debug|Any CPU
		{7F4BD66B-3BA3-40A1-9EC4-26701270DA72}.Release|Any CPU.ActiveCfg = Release|Any CPU
		{7F4BD66B-3BA3-40A1-9EC4-26701270DA72}.Release|Any CPU.Build.0 = Release|Any CPU
		{78E80FDC-DDD6-4F80-9420-ADCAD2BCE320}.Debug|Any CPU.ActiveCfg = Debug|Any CPU
		{78E80FDC-DDD6-4F80-9420-ADCAD2BCE320}.Debug|Any CPU.Build.0 = Debug|Any CPU
		{78E80FDC-DDD6-4F80-9420-ADCAD2BCE320}.Release|Any CPU.ActiveCfg = Release|Any CPU
		{78E80FDC-DDD6-4F80-9420-ADCAD2BCE320}.Release|Any CPU.Build.0 = Release|Any CPU
		{C1EA3716-AB1C-4FE5-8DD5-C6E81FA3F179}.Debug|Any CPU.ActiveCfg = Debug|Any CPU
		{C1EA3716-AB1C-4FE5-8DD5-C6E81FA3F179}.Debug|Any CPU.Build.0 = Debug|Any CPU
		{C1EA3716-AB1C-4FE5-8DD5-C6E81FA3F179}.Release|Any CPU.ActiveCfg = Release|Any CPU
		{C1EA3716-AB1C-4FE5-8DD5-C6E81FA3F179}.Release|Any CPU.Build.0 = Release|Any CPU
	EndGlobalSection
	GlobalSection(SolutionProperties) = preSolution
		HideSolutionNode = FALSE
	EndGlobalSection
	GlobalSection(ExtensibilityGlobals) = postSolution
		SolutionGuid = {19452F11-7D96-47A1-AB03-471238076661}
	EndGlobalSection
EndGlobal
